
Microsoft Visual Studio Solution File, Format Version 12.00
# Visual Studio Version 16
VisualStudioVersion = 16.0.29519.181
MinimumVisualStudioVersion = 10.0.40219.1
Project("{FAE04EC0-301F-11D3-BF4B-00C04F79EFBC}") = "YTGuideApi", "YTGuideApi\YTGuideApi.csproj", "{5298D36C-38CE-4D41-9A61-0C6107142B1B}"
EndProject
Global
	GlobalSection(SolutionConfigurationPlatforms) = preSolution
		Debug|Any CPU = Debug|Any CPU
		Release|Any CPU = Release|Any CPU
	EndGlobalSection
	GlobalSection(ProjectConfigurationPlatforms) = postSolution
		{5298D36C-38CE-4D41-9A61-0C6107142B1B}.Debug|Any CPU.ActiveCfg = Debug|Any CPU
		{5298D36C-38CE-4D41-9A61-0C6107142B1B}.Debug|Any CPU.Build.0 = Debug|Any CPU
		{5298D36C-38CE-4D41-9A61-0C6107142B1B}.Release|Any CPU.ActiveCfg = Release|Any CPU
		{5298D36C-38CE-4D41-9A61-0C6107142B1B}.Release|Any CPU.Build.0 = Release|Any CPU
	EndGlobalSection
	GlobalSection(SolutionProperties) = preSolution
		HideSolutionNode = FALSE
	EndGlobalSection
	GlobalSection(ExtensibilityGlobals) = postSolution
		SolutionGuid = {39DFCFF3-6281-4F56-915D-C40C92D77761}
	EndGlobalSection
EndGlobal
